
Microsoft Visual Studio Solution File, Format Version 12.00
# Visual Studio 14
VisualStudioVersion = 14.0.25420.1
MinimumVisualStudioVersion = 10.0.40219.1
Project("{FAE04EC0-301F-11D3-BF4B-00C04F79EFBC}") = "Photography.Models", "Photography.Models\Photography.Models.csproj", "{67F4B561-4F95-4F10-8D1E-6DF515ED620A}"
EndProject
Project("{FAE04EC0-301F-11D3-BF4B-00C04F79EFBC}") = "Photography.Data", "Photography.Data\Photography.Data.csproj", "{1E7CE6CB-3C78-4653-A69A-A51B6DB9DEE5}"
EndProject
Project("{FAE04EC0-301F-11D3-BF4B-00C04F79EFBC}") = "Photography.Client", "Photography.Client\Photography.Client.csproj", "{CAA3EBC8-E144-45AC-B547-070A600287E2}"
EndProject
Project("{FAE04EC0-301F-11D3-BF4B-00C04F79EFBC}") = "Photography.Dtos", "Photography.Dtos\Photography.Dtos.csproj", "{23A144C4-1FE3-45C7-9FB9-5A33F182C52C}"
EndProject
Global
	GlobalSection(SolutionConfigurationPlatforms) = preSolution
		Debug|Any CPU = Debug|Any CPU
		Release|Any CPU = Release|Any CPU
	EndGlobalSection
	GlobalSection(ProjectConfigurationPlatforms) = postSolution
		{67F4B561-4F95-4F10-8D1E-6DF515ED620A}.Debug|Any CPU.ActiveCfg = Debug|Any CPU
		{67F4B561-4F95-4F10-8D1E-6DF515ED620A}.Debug|Any CPU.Build.0 = Debug|Any CPU
		{67F4B561-4F95-4F10-8D1E-6DF515ED620A}.Release|Any CPU.ActiveCfg = Release|Any CPU
		{67F4B561-4F95-4F10-8D1E-6DF515ED620A}.Release|Any CPU.Build.0 = Release|Any CPU
		{1E7CE6CB-3C78-4653-A69A-A51B6DB9DEE5}.Debug|Any CPU.ActiveCfg = Debug|Any CPU
		{1E7CE6CB-3C78-4653-A69A-A51B6DB9DEE5}.Debug|Any CPU.Build.0 = Debug|Any CPU
		{1E7CE6CB-3C78-4653-A69A-A51B6DB9DEE5}.Release|Any CPU.ActiveCfg = Release|Any CPU
		{1E7CE6CB-3C78-4653-A69A-A51B6DB9DEE5}.Release|Any CPU.Build.0 = Release|Any CPU
		{CAA3EBC8-E144-45AC-B547-070A600287E2}.Debug|Any CPU.ActiveCfg = Debug|Any CPU
		{CAA3EBC8-E144-45AC-B547-070A600287E2}.Debug|Any CPU.Build.0 = Debug|Any CPU
		{CAA3EBC8-E144-45AC-B547-070A600287E2}.Release|Any CPU.ActiveCfg = Release|Any CPU
		{CAA3EBC8-E144-45AC-B547-070A600287E2}.Release|Any CPU.Build.0 = Release|Any CPU
		{23A144C4-1FE3-45C7-9FB9-5A33F182C52C}.Debug|Any CPU.ActiveCfg = Debug|Any CPU
		{23A144C4-1FE3-45C7-9FB9-5A33F182C52C}.Debug|Any CPU.Build.0 = Debug|Any CPU
		{23A144C4-1FE3-45C7-9FB9-5A33F182C52C}.Release|Any CPU.ActiveCfg = Release|Any CPU
		{23A144C4-1FE3-45C7-9FB9-5A33F182C52C}.Release|Any CPU.Build.0 = Release|Any CPU
	EndGlobalSection
	GlobalSection(SolutionProperties) = preSolution
		HideSolutionNode = FALSE
	EndGlobalSection
EndGlobal
