
Microsoft Visual Studio Solution File, Format Version 12.00
# Visual Studio 14
VisualStudioVersion = 14.0.25420.1
MinimumVisualStudioVersion = 10.0.40219.1
Project("{FAE04EC0-301F-11D3-BF4B-00C04F79EFBC}") = "BillsPaymentSystem", "BillsPaymentSystem\BillsPaymentSystem.csproj", "{A7C2F24A-918F-437E-A456-6EDF48621E0C}"
EndProject
Project("{FAE04EC0-301F-11D3-BF4B-00C04F79EFBC}") = "UniversitySystem", "UniversitySystem\UniversitySystem.csproj", "{2F3CBCE8-9775-4FBD-8634-7271E2FA8D63}"
EndProject
Global
	GlobalSection(SolutionConfigurationPlatforms) = preSolution
		Debug|Any CPU = Debug|Any CPU
		Release|Any CPU = Release|Any CPU
	EndGlobalSection
	GlobalSection(ProjectConfigurationPlatforms) = postSolution
		{A7C2F24A-918F-437E-A456-6EDF48621E0C}.Debug|Any CPU.ActiveCfg = Debug|Any CPU
		{A7C2F24A-918F-437E-A456-6EDF48621E0C}.Debug|Any CPU.Build.0 = Debug|Any CPU
		{A7C2F24A-918F-437E-A456-6EDF48621E0C}.Release|Any CPU.ActiveCfg = Release|Any CPU
		{A7C2F24A-918F-437E-A456-6EDF48621E0C}.Release|Any CPU.Build.0 = Release|Any CPU
		{2F3CBCE8-9775-4FBD-8634-7271E2FA8D63}.Debug|Any CPU.ActiveCfg = Debug|Any CPU
		{2F3CBCE8-9775-4FBD-8634-7271E2FA8D63}.Debug|Any CPU.Build.0 = Debug|Any CPU
		{2F3CBCE8-9775-4FBD-8634-7271E2FA8D63}.Release|Any CPU.ActiveCfg = Release|Any CPU
		{2F3CBCE8-9775-4FBD-8634-7271E2FA8D63}.Release|Any CPU.Build.0 = Release|Any CPU
	EndGlobalSection
	GlobalSection(SolutionProperties) = preSolution
		HideSolutionNode = FALSE
	EndGlobalSection
EndGlobal
